// !$*UTF8*$!
{
	archiveVersion = 1;
	classes = {
	};
	objectVersion = 46;
	objects = {

/* Begin PBXBuildFile section */
		060FD73E1E9F37D7000546A0 /* Colors.m in Sources */ = {isa = PBXBuildFile; fileRef = 060FD6C11E9F37D7000546A0 /* Colors.m */; };
		060FD73F1E9F37D7000546A0 /* EventObject.m in Sources */ = {isa = PBXBuildFile; fileRef = 060FD6CB1E9F37D7000546A0 /* EventObject.m */; };
		060FD7401E9F37D7000546A0 /* GameObject.m in Sources */ = {isa = PBXBuildFile; fileRef = 060FD6CD1E9F37D7000546A0 /* GameObject.m */; };
		060FD7411E9F37D7000546A0 /* PeriodObject.m in Sources */ = {isa = PBXBuildFile; fileRef = 060FD6CF1E9F37D7000546A0 /* PeriodObject.m */; };
		060FD7421E9F37D7000546A0 /* SeriesObject.m in Sources */ = {isa = PBXBuildFile; fileRef = 060FD6D11E9F37D7000546A0 /* SeriesObject.m */; };
		060FD7431E9F37D7000546A0 /* TeamObject.m in Sources */ = {isa = PBXBuildFile; fileRef = 060FD6D31E9F37D7000546A0 /* TeamObject.m */; };
		060FD7441E9F37D7000546A0 /* APIRequestHandler.m in Sources */ = {isa = PBXBuildFile; fileRef = 060FD6D61E9F37D7000546A0 /* APIRequestHandler.m */; };
		060FD7451E9F37D7000546A0 /* DatabaseHandler.m in Sources */ = {isa = PBXBuildFile; fileRef = 060FD6D81E9F37D7000546A0 /* DatabaseHandler.m */; };
		060FD7461E9F37D7000546A0 /* DateTimeHandler.m in Sources */ = {isa = PBXBuildFile; fileRef = 060FD6DA1E9F37D7000546A0 /* DateTimeHandler.m */; };
		060FD7471E9F37D7000546A0 /* DictionaryHandler.m in Sources */ = {isa = PBXBuildFile; fileRef = 060FD6DC1E9F37D7000546A0 /* DictionaryHandler.m */; };
		060FD7481E9F37D7000546A0 /* FileHandler.m in Sources */ = {isa = PBXBuildFile; fileRef = 060FD6DE1E9F37D7000546A0 /* FileHandler.m */; };
		060FD7491E9F37D7000546A0 /* FormatterHandler.m in Sources */ = {isa = PBXBuildFile; fileRef = 060FD6E01E9F37D7000546A0 /* FormatterHandler.m */; };
		060FD74A1E9F37D7000546A0 /* StringHandler.m in Sources */ = {isa = PBXBuildFile; fileRef = 060FD6E21E9F37D7000546A0 /* StringHandler.m */; };
		060FD74B1E9F37D7000546A0 /* TeamHandler.m in Sources */ = {isa = PBXBuildFile; fileRef = 060FD6E41E9F37D7000546A0 /* TeamHandler.m */; };
		060FD74C1E9F37D7000546A0 /* CRToast.m in Sources */ = {isa = PBXBuildFile; fileRef = 060FD6E81E9F37D7000546A0 /* CRToast.m */; };
		060FD74D1E9F37D7000546A0 /* NSObject+PMDescription.m in Sources */ = {isa = PBXBuildFile; fileRef = 060FD6EA1E9F37D7000546A0 /* NSObject+PMDescription.m */; };
		060FD74E1E9F37D7000546A0 /* BracketModel.m in Sources */ = {isa = PBXBuildFile; fileRef = 060FD6ED1E9F37D7000546A0 /* BracketModel.m */; };
		060FD74F1E9F37D7000546A0 /* GameModel.m in Sources */ = {isa = PBXBuildFile; fileRef = 060FD6EF1E9F37D7000546A0 /* GameModel.m */; };
		060FD7501E9F37D7000546A0 /* RecentGamesModel.m in Sources */ = {isa = PBXBuildFile; fileRef = 060FD6F11E9F37D7000546A0 /* RecentGamesModel.m */; };
		060FD7511E9F37D7000546A0 /* Rectangle.m in Sources */ = {isa = PBXBuildFile; fileRef = 060FD6F31E9F37D7000546A0 /* Rectangle.m */; };
		060FD7521E9F37D7000546A0 /* SeriesModel.m in Sources */ = {isa = PBXBuildFile; fileRef = 060FD6F51E9F37D7000546A0 /* SeriesModel.m */; };
		060FD7531E9F37D7000546A0 /* AdjustableNavigationBar.m in Sources */ = {isa = PBXBuildFile; fileRef = 060FD6F81E9F37D7000546A0 /* AdjustableNavigationBar.m */; };
		060FD7541E9F37D7000546A0 /* BracketSection.m in Sources */ = {isa = PBXBuildFile; fileRef = 060FD6FA1E9F37D7000546A0 /* BracketSection.m */; };
		060FD7551E9F37D7000546A0 /* BracketView.m in Sources */ = {isa = PBXBuildFile; fileRef = 060FD6FC1E9F37D7000546A0 /* BracketView.m */; };
		060FD7561E9F37D7000546A0 /* ExpandedVideoView.m in Sources */ = {isa = PBXBuildFile; fileRef = 060FD6FE1E9F37D7000546A0 /* ExpandedVideoView.m */; };
		060FD7571E9F37D7000546A0 /* GameCell.m in Sources */ = {isa = PBXBuildFile; fileRef = 060FD7001E9F37D7000546A0 /* GameCell.m */; };
		060FD7581E9F37D7000546A0 /* GameDetailCell.m in Sources */ = {isa = PBXBuildFile; fileRef = 060FD7021E9F37D7000546A0 /* GameDetailCell.m */; };
		060FD7591E9F37D7000546A0 /* GameDetailHeader.m in Sources */ = {isa = PBXBuildFile; fileRef = 060FD7041E9F37D7000546A0 /* GameDetailHeader.m */; };
		060FD75A1E9F37D7000546A0 /* GameHeader.m in Sources */ = {isa = PBXBuildFile; fileRef = 060FD7061E9F37D7000546A0 /* GameHeader.m */; };
		060FD75B1E9F37D7000546A0 /* GameOverviewView.m in Sources */ = {isa = PBXBuildFile; fileRef = 060FD7081E9F37D7000546A0 /* GameOverviewView.m */; };
		060FD75C1E9F37D7000546A0 /* GameView.m in Sources */ = {isa = PBXBuildFile; fileRef = 060FD70A1E9F37D7000546A0 /* GameView.m */; };
		060FD75D1E9F37D7000546A0 /* NoContentTableView.m in Sources */ = {isa = PBXBuildFile; fileRef = 060FD70C1E9F37D7000546A0 /* NoContentTableView.m */; };
		060FD75E1E9F37D7000546A0 /* NoDataTableViewCell.m in Sources */ = {isa = PBXBuildFile; fileRef = 060FD70E1E9F37D7000546A0 /* NoDataTableViewCell.m */; };
		060FD75F1E9F37D7000546A0 /* PeriodScoresView.m in Sources */ = {isa = PBXBuildFile; fileRef = 060FD7101E9F37D7000546A0 /* PeriodScoresView.m */; };
		060FD7601E9F37D7000546A0 /* PeriodScoreViewHeader.m in Sources */ = {isa = PBXBuildFile; fileRef = 060FD7121E9F37D7000546A0 /* PeriodScoreViewHeader.m */; };
		060FD7611E9F37D7000546A0 /* RecentGamesView.m in Sources */ = {isa = PBXBuildFile; fileRef = 060FD7141E9F37D7000546A0 /* RecentGamesView.m */; };
		060FD7621E9F37D7000546A0 /* RefreshTableViewCell.m in Sources */ = {isa = PBXBuildFile; fileRef = 060FD7161E9F37D7000546A0 /* RefreshTableViewCell.m */; };
		060FD7631E9F37D7000546A0 /* SeriesCell.m in Sources */ = {isa = PBXBuildFile; fileRef = 060FD7181E9F37D7000546A0 /* SeriesCell.m */; };
		060FD7641E9F37D7000546A0 /* SeriesHeader.m in Sources */ = {isa = PBXBuildFile; fileRef = 060FD71A1E9F37D7000546A0 /* SeriesHeader.m */; };
		060FD7651E9F37D7000546A0 /* SeriesHeaderScoresView.m in Sources */ = {isa = PBXBuildFile; fileRef = 060FD71C1E9F37D7000546A0 /* SeriesHeaderScoresView.m */; };
		060FD7661E9F37D7000546A0 /* SeriesView.m in Sources */ = {isa = PBXBuildFile; fileRef = 060FD71E1E9F37D7000546A0 /* SeriesView.m */; };
		060FD7671E9F37D7000546A0 /* StrengthIndicator.m in Sources */ = {isa = PBXBuildFile; fileRef = 060FD7201E9F37D7000546A0 /* StrengthIndicator.m */; };
		060FD7681E9F37D7000546A0 /* TeamImage.m in Sources */ = {isa = PBXBuildFile; fileRef = 060FD7221E9F37D7000546A0 /* TeamImage.m */; };
		060FD7691E9F37D7000546A0 /* VideoButton.m in Sources */ = {isa = PBXBuildFile; fileRef = 060FD7241E9F37D7000546A0 /* VideoButton.m */; };
		060FD76A1E9F37D7000546A0 /* BaseUINavigationController.m in Sources */ = {isa = PBXBuildFile; fileRef = 060FD7271E9F37D7000546A0 /* BaseUINavigationController.m */; };
		060FD76B1E9F37D7000546A0 /* BaseViewController.m in Sources */ = {isa = PBXBuildFile; fileRef = 060FD7291E9F37D7000546A0 /* BaseViewController.m */; };
		060FD76C1E9F37D7000546A0 /* BracketViewController.m in Sources */ = {isa = PBXBuildFile; fileRef = 060FD72B1E9F37D7000546A0 /* BracketViewController.m */; };
		060FD76D1E9F37D7000546A0 /* GameViewController.m in Sources */ = {isa = PBXBuildFile; fileRef = 060FD72D1E9F37D7000546A0 /* GameViewController.m */; };
		060FD76E1E9F37D7000546A0 /* NewsViewController.m in Sources */ = {isa = PBXBuildFile; fileRef = 060FD72F1E9F37D7000546A0 /* NewsViewController.m */; };
		060FD76F1E9F37D7000546A0 /* RecentGamesViewController.m in Sources */ = {isa = PBXBuildFile; fileRef = 060FD7311E9F37D7000546A0 /* RecentGamesViewController.m */; };
		060FD7701E9F37D7000546A0 /* SeriesViewController.m in Sources */ = {isa = PBXBuildFile; fileRef = 060FD7331E9F37D7000546A0 /* SeriesViewController.m */; };
		060FD7711E9F37D7000546A0 /* SettingsViewController.m in Sources */ = {isa = PBXBuildFile; fileRef = 060FD7351E9F37D7000546A0 /* SettingsViewController.m */; };
		060FD7721E9F37D7000546A0 /* StatisticsViewController.m in Sources */ = {isa = PBXBuildFile; fileRef = 060FD7371E9F37D7000546A0 /* StatisticsViewController.m */; };
		060FD7731E9F37D7000546A0 /* TabBarController.m in Sources */ = {isa = PBXBuildFile; fileRef = 060FD7391E9F37D7000546A0 /* TabBarController.m */; };
		060FD7741E9F37D7000546A0 /* TeamsViewController.m in Sources */ = {isa = PBXBuildFile; fileRef = 060FD73B1E9F37D7000546A0 /* TeamsViewController.m */; };
		060FD7751E9F37D7000546A0 /* VideoPlayerViewController.m in Sources */ = {isa = PBXBuildFile; fileRef = 060FD73D1E9F37D7000546A0 /* VideoPlayerViewController.m */; };
		0635F0561E9F3C5300784410 /* Images.xcassets in Resources */ = {isa = PBXBuildFile; fileRef = 0635F0551E9F3C5300784410 /* Images.xcassets */; };
		0644B50A1E9F35FB00132969 /* main.m in Sources */ = {isa = PBXBuildFile; fileRef = 0644B5091E9F35FB00132969 /* main.m */; };
		0644B50D1E9F35FB00132969 /* AppDelegate.m in Sources */ = {isa = PBXBuildFile; fileRef = 0644B50C1E9F35FB00132969 /* AppDelegate.m */; };
		0644B5341E9F368E00132969 /* UnitTests.m in Sources */ = {isa = PBXBuildFile; fileRef = 0644B5331E9F368E00132969 /* UnitTests.m */; };
		5E7D7E006145ADD302E010EB /* Pods_UnitTests.framework in Frameworks */ = {isa = PBXBuildFile; fileRef = 3B65D23B827AA9C6C3CAB824 /* Pods_UnitTests.framework */; };
		F200954ADBAE88EC59C796CE /* Pods_HockeyPlayoffs.framework in Frameworks */ = {isa = PBXBuildFile; fileRef = 6C2F939607748A9D42EDFE7F /* Pods_HockeyPlayoffs.framework */; };
/* End PBXBuildFile section */

/* Begin PBXContainerItemProxy section */
		0644B5361E9F368E00132969 /* PBXContainerItemProxy */ = {
			isa = PBXContainerItemProxy;
			containerPortal = 0644B4FD1E9F35FB00132969 /* Project object */;
			proxyType = 1;
			remoteGlobalIDString = 0644B5041E9F35FB00132969;
			remoteInfo = HockeyPlayoffs;
		};
/* End PBXContainerItemProxy section */

/* Begin PBXFileReference section */
		060FD6BE1E9F37D7000546A0 /* Animations.h */ = {isa = PBXFileReference; fileEncoding = 4; lastKnownFileType = sourcecode.c.h; path = Animations.h; sourceTree = "<group>"; };
		060FD6BF1E9F37D7000546A0 /* APIIdentifiers.h */ = {isa = PBXFileReference; fileEncoding = 4; lastKnownFileType = sourcecode.c.h; path = APIIdentifiers.h; sourceTree = "<group>"; };
		060FD6C01E9F37D7000546A0 /* Colors.h */ = {isa = PBXFileReference; fileEncoding = 4; lastKnownFileType = sourcecode.c.h; path = Colors.h; sourceTree = "<group>"; };
		060FD6C11E9F37D7000546A0 /* Colors.m */ = {isa = PBXFileReference; fileEncoding = 4; lastKnownFileType = sourcecode.c.objc; path = Colors.m; sourceTree = "<group>"; };
		060FD6C21E9F37D7000546A0 /* Dimensions.h */ = {isa = PBXFileReference; fileEncoding = 4; lastKnownFileType = sourcecode.c.h; path = Dimensions.h; sourceTree = "<group>"; };
		060FD6C31E9F37D7000546A0 /* Enums.h */ = {isa = PBXFileReference; fileEncoding = 4; lastKnownFileType = sourcecode.c.h; path = Enums.h; sourceTree = "<group>"; };
		060FD6C41E9F37D7000546A0 /* Images.h */ = {isa = PBXFileReference; fileEncoding = 4; lastKnownFileType = sourcecode.c.h; path = Images.h; sourceTree = "<group>"; };
		060FD6C51E9F37D7000546A0 /* Notifications.h */ = {isa = PBXFileReference; fileEncoding = 4; lastKnownFileType = sourcecode.c.h; path = Notifications.h; sourceTree = "<group>"; };
		060FD6C61E9F37D7000546A0 /* Queues.h */ = {isa = PBXFileReference; fileEncoding = 4; lastKnownFileType = sourcecode.c.h; path = Queues.h; sourceTree = "<group>"; };
		060FD6C71E9F37D7000546A0 /* ReuseIdentifiers.h */ = {isa = PBXFileReference; fileEncoding = 4; lastKnownFileType = sourcecode.c.h; path = ReuseIdentifiers.h; sourceTree = "<group>"; };
		060FD6C81E9F37D7000546A0 /* Rotation.h */ = {isa = PBXFileReference; fileEncoding = 4; lastKnownFileType = sourcecode.c.h; path = Rotation.h; sourceTree = "<group>"; };
		060FD6CA1E9F37D7000546A0 /* EventObject.h */ = {isa = PBXFileReference; fileEncoding = 4; lastKnownFileType = sourcecode.c.h; path = EventObject.h; sourceTree = "<group>"; };
		060FD6CB1E9F37D7000546A0 /* EventObject.m */ = {isa = PBXFileReference; fileEncoding = 4; lastKnownFileType = sourcecode.c.objc; path = EventObject.m; sourceTree = "<group>"; };
		060FD6CC1E9F37D7000546A0 /* GameObject.h */ = {isa = PBXFileReference; fileEncoding = 4; lastKnownFileType = sourcecode.c.h; path = GameObject.h; sourceTree = "<group>"; };
		060FD6CD1E9F37D7000546A0 /* GameObject.m */ = {isa = PBXFileReference; fileEncoding = 4; lastKnownFileType = sourcecode.c.objc; path = GameObject.m; sourceTree = "<group>"; };
		060FD6CE1E9F37D7000546A0 /* PeriodObject.h */ = {isa = PBXFileReference; fileEncoding = 4; lastKnownFileType = sourcecode.c.h; path = PeriodObject.h; sourceTree = "<group>"; };
		060FD6CF1E9F37D7000546A0 /* PeriodObject.m */ = {isa = PBXFileReference; fileEncoding = 4; lastKnownFileType = sourcecode.c.objc; path = PeriodObject.m; sourceTree = "<group>"; };
		060FD6D01E9F37D7000546A0 /* SeriesObject.h */ = {isa = PBXFileReference; fileEncoding = 4; lastKnownFileType = sourcecode.c.h; path = SeriesObject.h; sourceTree = "<group>"; };
		060FD6D11E9F37D7000546A0 /* SeriesObject.m */ = {isa = PBXFileReference; fileEncoding = 4; lastKnownFileType = sourcecode.c.objc; path = SeriesObject.m; sourceTree = "<group>"; };
		060FD6D21E9F37D7000546A0 /* TeamObject.h */ = {isa = PBXFileReference; fileEncoding = 4; lastKnownFileType = sourcecode.c.h; path = TeamObject.h; sourceTree = "<group>"; };
		060FD6D31E9F37D7000546A0 /* TeamObject.m */ = {isa = PBXFileReference; fileEncoding = 4; lastKnownFileType = sourcecode.c.objc; path = TeamObject.m; sourceTree = "<group>"; };
		060FD6D51E9F37D7000546A0 /* APIRequestHandler.h */ = {isa = PBXFileReference; fileEncoding = 4; lastKnownFileType = sourcecode.c.h; path = APIRequestHandler.h; sourceTree = "<group>"; };
		060FD6D61E9F37D7000546A0 /* APIRequestHandler.m */ = {isa = PBXFileReference; fileEncoding = 4; lastKnownFileType = sourcecode.c.objc; path = APIRequestHandler.m; sourceTree = "<group>"; };
		060FD6D71E9F37D7000546A0 /* DatabaseHandler.h */ = {isa = PBXFileReference; fileEncoding = 4; lastKnownFileType = sourcecode.c.h; path = DatabaseHandler.h; sourceTree = "<group>"; };
		060FD6D81E9F37D7000546A0 /* DatabaseHandler.m */ = {isa = PBXFileReference; fileEncoding = 4; lastKnownFileType = sourcecode.c.objc; path = DatabaseHandler.m; sourceTree = "<group>"; };
		060FD6D91E9F37D7000546A0 /* DateTimeHandler.h */ = {isa = PBXFileReference; fileEncoding = 4; lastKnownFileType = sourcecode.c.h; path = DateTimeHandler.h; sourceTree = "<group>"; };
		060FD6DA1E9F37D7000546A0 /* DateTimeHandler.m */ = {isa = PBXFileReference; fileEncoding = 4; lastKnownFileType = sourcecode.c.objc; path = DateTimeHandler.m; sourceTree = "<group>"; };
		060FD6DB1E9F37D7000546A0 /* DictionaryHandler.h */ = {isa = PBXFileReference; fileEncoding = 4; lastKnownFileType = sourcecode.c.h; path = DictionaryHandler.h; sourceTree = "<group>"; };
		060FD6DC1E9F37D7000546A0 /* DictionaryHandler.m */ = {isa = PBXFileReference; fileEncoding = 4; lastKnownFileType = sourcecode.c.objc; path = DictionaryHandler.m; sourceTree = "<group>"; };
		060FD6DD1E9F37D7000546A0 /* FileHandler.h */ = {isa = PBXFileReference; fileEncoding = 4; lastKnownFileType = sourcecode.c.h; path = FileHandler.h; sourceTree = "<group>"; };
		060FD6DE1E9F37D7000546A0 /* FileHandler.m */ = {isa = PBXFileReference; fileEncoding = 4; lastKnownFileType = sourcecode.c.objc; path = FileHandler.m; sourceTree = "<group>"; };
		060FD6DF1E9F37D7000546A0 /* FormatterHandler.h */ = {isa = PBXFileReference; fileEncoding = 4; lastKnownFileType = sourcecode.c.h; path = FormatterHandler.h; sourceTree = "<group>"; };
		060FD6E01E9F37D7000546A0 /* FormatterHandler.m */ = {isa = PBXFileReference; fileEncoding = 4; lastKnownFileType = sourcecode.c.objc; path = FormatterHandler.m; sourceTree = "<group>"; };
		060FD6E11E9F37D7000546A0 /* StringHandler.h */ = {isa = PBXFileReference; fileEncoding = 4; lastKnownFileType = sourcecode.c.h; path = StringHandler.h; sourceTree = "<group>"; };
		060FD6E21E9F37D7000546A0 /* StringHandler.m */ = {isa = PBXFileReference; fileEncoding = 4; lastKnownFileType = sourcecode.c.objc; path = StringHandler.m; sourceTree = "<group>"; };
		060FD6E31E9F37D7000546A0 /* TeamHandler.h */ = {isa = PBXFileReference; fileEncoding = 4; lastKnownFileType = sourcecode.c.h; path = TeamHandler.h; sourceTree = "<group>"; };
		060FD6E41E9F37D7000546A0 /* TeamHandler.m */ = {isa = PBXFileReference; fileEncoding = 4; lastKnownFileType = sourcecode.c.objc; path = TeamHandler.m; sourceTree = "<group>"; };
		060FD6E71E9F37D7000546A0 /* CRToast.h */ = {isa = PBXFileReference; fileEncoding = 4; lastKnownFileType = sourcecode.c.h; path = CRToast.h; sourceTree = "<group>"; };
		060FD6E81E9F37D7000546A0 /* CRToast.m */ = {isa = PBXFileReference; fileEncoding = 4; lastKnownFileType = sourcecode.c.objc; path = CRToast.m; sourceTree = "<group>"; };
		060FD6E91E9F37D7000546A0 /* NSObject+PMDescription.h */ = {isa = PBXFileReference; fileEncoding = 4; lastKnownFileType = sourcecode.c.h; path = "NSObject+PMDescription.h"; sourceTree = "<group>"; };
		060FD6EA1E9F37D7000546A0 /* NSObject+PMDescription.m */ = {isa = PBXFileReference; fileEncoding = 4; lastKnownFileType = sourcecode.c.objc; path = "NSObject+PMDescription.m"; sourceTree = "<group>"; };
		060FD6EC1E9F37D7000546A0 /* BracketModel.h */ = {isa = PBXFileReference; fileEncoding = 4; lastKnownFileType = sourcecode.c.h; path = BracketModel.h; sourceTree = "<group>"; };
		060FD6ED1E9F37D7000546A0 /* BracketModel.m */ = {isa = PBXFileReference; fileEncoding = 4; lastKnownFileType = sourcecode.c.objc; path = BracketModel.m; sourceTree = "<group>"; };
		060FD6EE1E9F37D7000546A0 /* GameModel.h */ = {isa = PBXFileReference; fileEncoding = 4; lastKnownFileType = sourcecode.c.h; path = GameModel.h; sourceTree = "<group>"; };
		060FD6EF1E9F37D7000546A0 /* GameModel.m */ = {isa = PBXFileReference; fileEncoding = 4; lastKnownFileType = sourcecode.c.objc; path = GameModel.m; sourceTree = "<group>"; };
		060FD6F01E9F37D7000546A0 /* RecentGamesModel.h */ = {isa = PBXFileReference; fileEncoding = 4; lastKnownFileType = sourcecode.c.h; path = RecentGamesModel.h; sourceTree = "<group>"; };
		060FD6F11E9F37D7000546A0 /* RecentGamesModel.m */ = {isa = PBXFileReference; fileEncoding = 4; lastKnownFileType = sourcecode.c.objc; path = RecentGamesModel.m; sourceTree = "<group>"; };
		060FD6F21E9F37D7000546A0 /* Rectangle.h */ = {isa = PBXFileReference; fileEncoding = 4; lastKnownFileType = sourcecode.c.h; path = Rectangle.h; sourceTree = "<group>"; };
		060FD6F31E9F37D7000546A0 /* Rectangle.m */ = {isa = PBXFileReference; fileEncoding = 4; lastKnownFileType = sourcecode.c.objc; path = Rectangle.m; sourceTree = "<group>"; };
		060FD6F41E9F37D7000546A0 /* SeriesModel.h */ = {isa = PBXFileReference; fileEncoding = 4; lastKnownFileType = sourcecode.c.h; path = SeriesModel.h; sourceTree = "<group>"; };
		060FD6F51E9F37D7000546A0 /* SeriesModel.m */ = {isa = PBXFileReference; fileEncoding = 4; lastKnownFileType = sourcecode.c.objc; path = SeriesModel.m; sourceTree = "<group>"; };
		060FD6F71E9F37D7000546A0 /* AdjustableNavigationBar.h */ = {isa = PBXFileReference; fileEncoding = 4; lastKnownFileType = sourcecode.c.h; path = AdjustableNavigationBar.h; sourceTree = "<group>"; };
		060FD6F81E9F37D7000546A0 /* AdjustableNavigationBar.m */ = {isa = PBXFileReference; fileEncoding = 4; lastKnownFileType = sourcecode.c.objc; path = AdjustableNavigationBar.m; sourceTree = "<group>"; };
		060FD6F91E9F37D7000546A0 /* BracketSection.h */ = {isa = PBXFileReference; fileEncoding = 4; lastKnownFileType = sourcecode.c.h; path = BracketSection.h; sourceTree = "<group>"; };
		060FD6FA1E9F37D7000546A0 /* BracketSection.m */ = {isa = PBXFileReference; fileEncoding = 4; lastKnownFileType = sourcecode.c.objc; path = BracketSection.m; sourceTree = "<group>"; };
		060FD6FB1E9F37D7000546A0 /* BracketView.h */ = {isa = PBXFileReference; fileEncoding = 4; lastKnownFileType = sourcecode.c.h; path = BracketView.h; sourceTree = "<group>"; };
		060FD6FC1E9F37D7000546A0 /* BracketView.m */ = {isa = PBXFileReference; fileEncoding = 4; lastKnownFileType = sourcecode.c.objc; path = BracketView.m; sourceTree = "<group>"; };
		060FD6FD1E9F37D7000546A0 /* ExpandedVideoView.h */ = {isa = PBXFileReference; fileEncoding = 4; lastKnownFileType = sourcecode.c.h; path = ExpandedVideoView.h; sourceTree = "<group>"; };
		060FD6FE1E9F37D7000546A0 /* ExpandedVideoView.m */ = {isa = PBXFileReference; fileEncoding = 4; lastKnownFileType = sourcecode.c.objc; path = ExpandedVideoView.m; sourceTree = "<group>"; };
		060FD6FF1E9F37D7000546A0 /* GameCell.h */ = {isa = PBXFileReference; fileEncoding = 4; lastKnownFileType = sourcecode.c.h; path = GameCell.h; sourceTree = "<group>"; };
		060FD7001E9F37D7000546A0 /* GameCell.m */ = {isa = PBXFileReference; fileEncoding = 4; lastKnownFileType = sourcecode.c.objc; path = GameCell.m; sourceTree = "<group>"; };
		060FD7011E9F37D7000546A0 /* GameDetailCell.h */ = {isa = PBXFileReference; fileEncoding = 4; lastKnownFileType = sourcecode.c.h; path = GameDetailCell.h; sourceTree = "<group>"; };
		060FD7021E9F37D7000546A0 /* GameDetailCell.m */ = {isa = PBXFileReference; fileEncoding = 4; lastKnownFileType = sourcecode.c.objc; path = GameDetailCell.m; sourceTree = "<group>"; };
		060FD7031E9F37D7000546A0 /* GameDetailHeader.h */ = {isa = PBXFileReference; fileEncoding = 4; lastKnownFileType = sourcecode.c.h; path = GameDetailHeader.h; sourceTree = "<group>"; };
		060FD7041E9F37D7000546A0 /* GameDetailHeader.m */ = {isa = PBXFileReference; fileEncoding = 4; lastKnownFileType = sourcecode.c.objc; path = GameDetailHeader.m; sourceTree = "<group>"; };
		060FD7051E9F37D7000546A0 /* GameHeader.h */ = {isa = PBXFileReference; fileEncoding = 4; lastKnownFileType = sourcecode.c.h; path = GameHeader.h; sourceTree = "<group>"; };
		060FD7061E9F37D7000546A0 /* GameHeader.m */ = {isa = PBXFileReference; fileEncoding = 4; lastKnownFileType = sourcecode.c.objc; path = GameHeader.m; sourceTree = "<group>"; };
		060FD7071E9F37D7000546A0 /* GameOverviewView.h */ = {isa = PBXFileReference; fileEncoding = 4; lastKnownFileType = sourcecode.c.h; path = GameOverviewView.h; sourceTree = "<group>"; };
		060FD7081E9F37D7000546A0 /* GameOverviewView.m */ = {isa = PBXFileReference; fileEncoding = 4; lastKnownFileType = sourcecode.c.objc; path = GameOverviewView.m; sourceTree = "<group>"; };
		060FD7091E9F37D7000546A0 /* GameView.h */ = {isa = PBXFileReference; fileEncoding = 4; lastKnownFileType = sourcecode.c.h; path = GameView.h; sourceTree = "<group>"; };
		060FD70A1E9F37D7000546A0 /* GameView.m */ = {isa = PBXFileReference; fileEncoding = 4; lastKnownFileType = sourcecode.c.objc; path = GameView.m; sourceTree = "<group>"; };
		060FD70B1E9F37D7000546A0 /* NoContentTableView.h */ = {isa = PBXFileReference; fileEncoding = 4; lastKnownFileType = sourcecode.c.h; path = NoContentTableView.h; sourceTree = "<group>"; };
		060FD70C1E9F37D7000546A0 /* NoContentTableView.m */ = {isa = PBXFileReference; fileEncoding = 4; lastKnownFileType = sourcecode.c.objc; path = NoContentTableView.m; sourceTree = "<group>"; };
		060FD70D1E9F37D7000546A0 /* NoDataTableViewCell.h */ = {isa = PBXFileReference; fileEncoding = 4; lastKnownFileType = sourcecode.c.h; path = NoDataTableViewCell.h; sourceTree = "<group>"; };
		060FD70E1E9F37D7000546A0 /* NoDataTableViewCell.m */ = {isa = PBXFileReference; fileEncoding = 4; lastKnownFileType = sourcecode.c.objc; path = NoDataTableViewCell.m; sourceTree = "<group>"; };
		060FD70F1E9F37D7000546A0 /* PeriodScoresView.h */ = {isa = PBXFileReference; fileEncoding = 4; lastKnownFileType = sourcecode.c.h; path = PeriodScoresView.h; sourceTree = "<group>"; };
		060FD7101E9F37D7000546A0 /* PeriodScoresView.m */ = {isa = PBXFileReference; fileEncoding = 4; lastKnownFileType = sourcecode.c.objc; path = PeriodScoresView.m; sourceTree = "<group>"; };
		060FD7111E9F37D7000546A0 /* PeriodScoreViewHeader.h */ = {isa = PBXFileReference; fileEncoding = 4; lastKnownFileType = sourcecode.c.h; path = PeriodScoreViewHeader.h; sourceTree = "<group>"; };
		060FD7121E9F37D7000546A0 /* PeriodScoreViewHeader.m */ = {isa = PBXFileReference; fileEncoding = 4; lastKnownFileType = sourcecode.c.objc; path = PeriodScoreViewHeader.m; sourceTree = "<group>"; };
		060FD7131E9F37D7000546A0 /* RecentGamesView.h */ = {isa = PBXFileReference; fileEncoding = 4; lastKnownFileType = sourcecode.c.h; path = RecentGamesView.h; sourceTree = "<group>"; };
		060FD7141E9F37D7000546A0 /* RecentGamesView.m */ = {isa = PBXFileReference; fileEncoding = 4; lastKnownFileType = sourcecode.c.objc; path = RecentGamesView.m; sourceTree = "<group>"; };
		060FD7151E9F37D7000546A0 /* RefreshTableViewCell.h */ = {isa = PBXFileReference; fileEncoding = 4; lastKnownFileType = sourcecode.c.h; path = RefreshTableViewCell.h; sourceTree = "<group>"; };
		060FD7161E9F37D7000546A0 /* RefreshTableViewCell.m */ = {isa = PBXFileReference; fileEncoding = 4; lastKnownFileType = sourcecode.c.objc; path = RefreshTableViewCell.m; sourceTree = "<group>"; };
		060FD7171E9F37D7000546A0 /* SeriesCell.h */ = {isa = PBXFileReference; fileEncoding = 4; lastKnownFileType = sourcecode.c.h; path = SeriesCell.h; sourceTree = "<group>"; };
		060FD7181E9F37D7000546A0 /* SeriesCell.m */ = {isa = PBXFileReference; fileEncoding = 4; lastKnownFileType = sourcecode.c.objc; path = SeriesCell.m; sourceTree = "<group>"; };
		060FD7191E9F37D7000546A0 /* SeriesHeader.h */ = {isa = PBXFileReference; fileEncoding = 4; lastKnownFileType = sourcecode.c.h; path = SeriesHeader.h; sourceTree = "<group>"; };
		060FD71A1E9F37D7000546A0 /* SeriesHeader.m */ = {isa = PBXFileReference; fileEncoding = 4; lastKnownFileType = sourcecode.c.objc; path = SeriesHeader.m; sourceTree = "<group>"; };
		060FD71B1E9F37D7000546A0 /* SeriesHeaderScoresView.h */ = {isa = PBXFileReference; fileEncoding = 4; lastKnownFileType = sourcecode.c.h; path = SeriesHeaderScoresView.h; sourceTree = "<group>"; };
		060FD71C1E9F37D7000546A0 /* SeriesHeaderScoresView.m */ = {isa = PBXFileReference; fileEncoding = 4; lastKnownFileType = sourcecode.c.objc; path = SeriesHeaderScoresView.m; sourceTree = "<group>"; };
		060FD71D1E9F37D7000546A0 /* SeriesView.h */ = {isa = PBXFileReference; fileEncoding = 4; lastKnownFileType = sourcecode.c.h; path = SeriesView.h; sourceTree = "<group>"; };
		060FD71E1E9F37D7000546A0 /* SeriesView.m */ = {isa = PBXFileReference; fileEncoding = 4; lastKnownFileType = sourcecode.c.objc; path = SeriesView.m; sourceTree = "<group>"; };
		060FD71F1E9F37D7000546A0 /* StrengthIndicator.h */ = {isa = PBXFileReference; fileEncoding = 4; lastKnownFileType = sourcecode.c.h; path = StrengthIndicator.h; sourceTree = "<group>"; };
		060FD7201E9F37D7000546A0 /* StrengthIndicator.m */ = {isa = PBXFileReference; fileEncoding = 4; lastKnownFileType = sourcecode.c.objc; path = StrengthIndicator.m; sourceTree = "<group>"; };
		060FD7211E9F37D7000546A0 /* TeamImage.h */ = {isa = PBXFileReference; fileEncoding = 4; lastKnownFileType = sourcecode.c.h; path = TeamImage.h; sourceTree = "<group>"; };
		060FD7221E9F37D7000546A0 /* TeamImage.m */ = {isa = PBXFileReference; fileEncoding = 4; lastKnownFileType = sourcecode.c.objc; path = TeamImage.m; sourceTree = "<group>"; };
		060FD7231E9F37D7000546A0 /* VideoButton.h */ = {isa = PBXFileReference; fileEncoding = 4; lastKnownFileType = sourcecode.c.h; path = VideoButton.h; sourceTree = "<group>"; };
		060FD7241E9F37D7000546A0 /* VideoButton.m */ = {isa = PBXFileReference; fileEncoding = 4; lastKnownFileType = sourcecode.c.objc; path = VideoButton.m; sourceTree = "<group>"; };
		060FD7261E9F37D7000546A0 /* BaseUINavigationController.h */ = {isa = PBXFileReference; fileEncoding = 4; lastKnownFileType = sourcecode.c.h; path = BaseUINavigationController.h; sourceTree = "<group>"; };
		060FD7271E9F37D7000546A0 /* BaseUINavigationController.m */ = {isa = PBXFileReference; fileEncoding = 4; lastKnownFileType = sourcecode.c.objc; path = BaseUINavigationController.m; sourceTree = "<group>"; };
		060FD7281E9F37D7000546A0 /* BaseViewController.h */ = {isa = PBXFileReference; fileEncoding = 4; lastKnownFileType = sourcecode.c.h; path = BaseViewController.h; sourceTree = "<group>"; };
		060FD7291E9F37D7000546A0 /* BaseViewController.m */ = {isa = PBXFileReference; fileEncoding = 4; lastKnownFileType = sourcecode.c.objc; path = BaseViewController.m; sourceTree = "<group>"; };
		060FD72A1E9F37D7000546A0 /* BracketViewController.h */ = {isa = PBXFileReference; fileEncoding = 4; lastKnownFileType = sourcecode.c.h; path = BracketViewController.h; sourceTree = "<group>"; };
		060FD72B1E9F37D7000546A0 /* BracketViewController.m */ = {isa = PBXFileReference; fileEncoding = 4; lastKnownFileType = sourcecode.c.objc; path = BracketViewController.m; sourceTree = "<group>"; };
		060FD72C1E9F37D7000546A0 /* GameViewController.h */ = {isa = PBXFileReference; fileEncoding = 4; lastKnownFileType = sourcecode.c.h; path = GameViewController.h; sourceTree = "<group>"; };
		060FD72D1E9F37D7000546A0 /* GameViewController.m */ = {isa = PBXFileReference; fileEncoding = 4; lastKnownFileType = sourcecode.c.objc; path = GameViewController.m; sourceTree = "<group>"; };
		060FD72E1E9F37D7000546A0 /* NewsViewController.h */ = {isa = PBXFileReference; fileEncoding = 4; lastKnownFileType = sourcecode.c.h; path = NewsViewController.h; sourceTree = "<group>"; };
		060FD72F1E9F37D7000546A0 /* NewsViewController.m */ = {isa = PBXFileReference; fileEncoding = 4; lastKnownFileType = sourcecode.c.objc; path = NewsViewController.m; sourceTree = "<group>"; };
		060FD7301E9F37D7000546A0 /* RecentGamesViewController.h */ = {isa = PBXFileReference; fileEncoding = 4; lastKnownFileType = sourcecode.c.h; path = RecentGamesViewController.h; sourceTree = "<group>"; };
		060FD7311E9F37D7000546A0 /* RecentGamesViewController.m */ = {isa = PBXFileReference; fileEncoding = 4; lastKnownFileType = sourcecode.c.objc; path = RecentGamesViewController.m; sourceTree = "<group>"; };
		060FD7321E9F37D7000546A0 /* SeriesViewController.h */ = {isa = PBXFileReference; fileEncoding = 4; lastKnownFileType = sourcecode.c.h; path = SeriesViewController.h; sourceTree = "<group>"; };
		060FD7331E9F37D7000546A0 /* SeriesViewController.m */ = {isa = PBXFileReference; fileEncoding = 4; lastKnownFileType = sourcecode.c.objc; path = SeriesViewController.m; sourceTree = "<group>"; };
		060FD7341E9F37D7000546A0 /* SettingsViewController.h */ = {isa = PBXFileReference; fileEncoding = 4; lastKnownFileType = sourcecode.c.h; path = SettingsViewController.h; sourceTree = "<group>"; };
		060FD7351E9F37D7000546A0 /* SettingsViewController.m */ = {isa = PBXFileReference; fileEncoding = 4; lastKnownFileType = sourcecode.c.objc; path = SettingsViewController.m; sourceTree = "<group>"; };
		060FD7361E9F37D7000546A0 /* StatisticsViewController.h */ = {isa = PBXFileReference; fileEncoding = 4; lastKnownFileType = sourcecode.c.h; path = StatisticsViewController.h; sourceTree = "<group>"; };
		060FD7371E9F37D7000546A0 /* StatisticsViewController.m */ = {isa = PBXFileReference; fileEncoding = 4; lastKnownFileType = sourcecode.c.objc; path = StatisticsViewController.m; sourceTree = "<group>"; };
		060FD7381E9F37D7000546A0 /* TabBarController.h */ = {isa = PBXFileReference; fileEncoding = 4; lastKnownFileType = sourcecode.c.h; path = TabBarController.h; sourceTree = "<group>"; };
		060FD7391E9F37D7000546A0 /* TabBarController.m */ = {isa = PBXFileReference; fileEncoding = 4; lastKnownFileType = sourcecode.c.objc; path = TabBarController.m; sourceTree = "<group>"; };
		060FD73A1E9F37D7000546A0 /* TeamsViewController.h */ = {isa = PBXFileReference; fileEncoding = 4; lastKnownFileType = sourcecode.c.h; path = TeamsViewController.h; sourceTree = "<group>"; };
		060FD73B1E9F37D7000546A0 /* TeamsViewController.m */ = {isa = PBXFileReference; fileEncoding = 4; lastKnownFileType = sourcecode.c.objc; path = TeamsViewController.m; sourceTree = "<group>"; };
		060FD73C1E9F37D7000546A0 /* VideoPlayerViewController.h */ = {isa = PBXFileReference; fileEncoding = 4; lastKnownFileType = sourcecode.c.h; path = VideoPlayerViewController.h; sourceTree = "<group>"; };
		060FD73D1E9F37D7000546A0 /* VideoPlayerViewController.m */ = {isa = PBXFileReference; fileEncoding = 4; lastKnownFileType = sourcecode.c.objc; path = VideoPlayerViewController.m; sourceTree = "<group>"; };
		0635F0551E9F3C5300784410 /* Images.xcassets */ = {isa = PBXFileReference; lastKnownFileType = folder.assetcatalog; path = Images.xcassets; sourceTree = "<group>"; };
		0644B5051E9F35FB00132969 /* HockeyPlayoffs.app */ = {isa = PBXFileReference; explicitFileType = wrapper.application; includeInIndex = 0; path = HockeyPlayoffs.app; sourceTree = BUILT_PRODUCTS_DIR; };
		0644B5091E9F35FB00132969 /* main.m */ = {isa = PBXFileReference; lastKnownFileType = sourcecode.c.objc; path = main.m; sourceTree = "<group>"; };
		0644B50B1E9F35FB00132969 /* AppDelegate.h */ = {isa = PBXFileReference; lastKnownFileType = sourcecode.c.h; path = AppDelegate.h; sourceTree = "<group>"; };
		0644B50C1E9F35FB00132969 /* AppDelegate.m */ = {isa = PBXFileReference; lastKnownFileType = sourcecode.c.objc; path = AppDelegate.m; sourceTree = "<group>"; };
		0644B5171E9F35FB00132969 /* Base */ = {isa = PBXFileReference; lastKnownFileType = file.storyboard; name = Base; path = Base.lproj/LaunchScreen.storyboard; sourceTree = "<group>"; };
		0644B5191E9F35FB00132969 /* Info.plist */ = {isa = PBXFileReference; lastKnownFileType = text.plist.xml; path = Info.plist; sourceTree = "<group>"; };
		0644B5311E9F368E00132969 /* UnitTests.xctest */ = {isa = PBXFileReference; explicitFileType = wrapper.cfbundle; includeInIndex = 0; path = UnitTests.xctest; sourceTree = BUILT_PRODUCTS_DIR; };
		0644B5331E9F368E00132969 /* UnitTests.m */ = {isa = PBXFileReference; lastKnownFileType = sourcecode.c.objc; path = UnitTests.m; sourceTree = "<group>"; };
		0644B5351E9F368E00132969 /* Info.plist */ = {isa = PBXFileReference; lastKnownFileType = text.plist.xml; path = Info.plist; sourceTree = "<group>"; };
		3B65D23B827AA9C6C3CAB824 /* Pods_UnitTests.framework */ = {isa = PBXFileReference; explicitFileType = wrapper.framework; includeInIndex = 0; path = Pods_UnitTests.framework; sourceTree = BUILT_PRODUCTS_DIR; };
		6C2F939607748A9D42EDFE7F /* Pods_HockeyPlayoffs.framework */ = {isa = PBXFileReference; explicitFileType = wrapper.framework; includeInIndex = 0; path = Pods_HockeyPlayoffs.framework; sourceTree = BUILT_PRODUCTS_DIR; };
		96B7A52D8250D82AB12BE881 /* Pods-HockeyPlayoffs.debug.xcconfig */ = {isa = PBXFileReference; includeInIndex = 1; lastKnownFileType = text.xcconfig; name = "Pods-HockeyPlayoffs.debug.xcconfig"; path = "Pods/Target Support Files/Pods-HockeyPlayoffs/Pods-HockeyPlayoffs.debug.xcconfig"; sourceTree = "<group>"; };
		E020EB9FD4CF27FA584B9714 /* Pods-HockeyPlayoffs.release.xcconfig */ = {isa = PBXFileReference; includeInIndex = 1; lastKnownFileType = text.xcconfig; name = "Pods-HockeyPlayoffs.release.xcconfig"; path = "Pods/Target Support Files/Pods-HockeyPlayoffs/Pods-HockeyPlayoffs.release.xcconfig"; sourceTree = "<group>"; };
		E2D6786549FCA5BBC66EDB18 /* Pods-UnitTests.release.xcconfig */ = {isa = PBXFileReference; includeInIndex = 1; lastKnownFileType = text.xcconfig; name = "Pods-UnitTests.release.xcconfig"; path = "Pods/Target Support Files/Pods-UnitTests/Pods-UnitTests.release.xcconfig"; sourceTree = "<group>"; };
		E6F04CDE65529A8D045D2B71 /* Pods-UnitTests.debug.xcconfig */ = {isa = PBXFileReference; includeInIndex = 1; lastKnownFileType = text.xcconfig; name = "Pods-UnitTests.debug.xcconfig"; path = "Pods/Target Support Files/Pods-UnitTests/Pods-UnitTests.debug.xcconfig"; sourceTree = "<group>"; };
/* End PBXFileReference section */

/* Begin PBXFrameworksBuildPhase section */
		0644B5021E9F35FB00132969 /* Frameworks */ = {
			isa = PBXFrameworksBuildPhase;
			buildActionMask = 2147483647;
			files = (
				F200954ADBAE88EC59C796CE /* Pods_HockeyPlayoffs.framework in Frameworks */,
			);
			runOnlyForDeploymentPostprocessing = 0;
		};
		0644B52E1E9F368E00132969 /* Frameworks */ = {
			isa = PBXFrameworksBuildPhase;
			buildActionMask = 2147483647;
			files = (
				5E7D7E006145ADD302E010EB /* Pods_UnitTests.framework in Frameworks */,
			);
			runOnlyForDeploymentPostprocessing = 0;
		};
/* End PBXFrameworksBuildPhase section */

/* Begin PBXGroup section */
		060FD6BC1E9F379F000546A0 /* Resources */ = {
			isa = PBXGroup;
			children = (
				0635F0551E9F3C5300784410 /* Images.xcassets */,
				0644B5161E9F35FB00132969 /* LaunchScreen.storyboard */,
			);
			path = Resources;
			sourceTree = "<group>";
		};
		060FD6BD1E9F37D7000546A0 /* Constants */ = {
			isa = PBXGroup;
			children = (
				060FD6BF1E9F37D7000546A0 /* APIIdentifiers.h */,
				060FD6BE1E9F37D7000546A0 /* Animations.h */,
				060FD6C01E9F37D7000546A0 /* Colors.h */,
				060FD6C11E9F37D7000546A0 /* Colors.m */,
				060FD6C21E9F37D7000546A0 /* Dimensions.h */,
				060FD6C31E9F37D7000546A0 /* Enums.h */,
				060FD6C41E9F37D7000546A0 /* Images.h */,
				060FD6C51E9F37D7000546A0 /* Notifications.h */,
				060FD6C61E9F37D7000546A0 /* Queues.h */,
				060FD6C71E9F37D7000546A0 /* ReuseIdentifiers.h */,
				060FD6C81E9F37D7000546A0 /* Rotation.h */,
			);
			path = Constants;
			sourceTree = "<group>";
		};
		060FD6C91E9F37D7000546A0 /* DatabaseObjects */ = {
			isa = PBXGroup;
			children = (
				060FD6CA1E9F37D7000546A0 /* EventObject.h */,
				060FD6CB1E9F37D7000546A0 /* EventObject.m */,
				060FD6CC1E9F37D7000546A0 /* GameObject.h */,
				060FD6CD1E9F37D7000546A0 /* GameObject.m */,
				060FD6CE1E9F37D7000546A0 /* PeriodObject.h */,
				060FD6CF1E9F37D7000546A0 /* PeriodObject.m */,
				060FD6D01E9F37D7000546A0 /* SeriesObject.h */,
				060FD6D11E9F37D7000546A0 /* SeriesObject.m */,
				060FD6D21E9F37D7000546A0 /* TeamObject.h */,
				060FD6D31E9F37D7000546A0 /* TeamObject.m */,
			);
			path = DatabaseObjects;
			sourceTree = "<group>";
		};
		060FD6D41E9F37D7000546A0 /* Handlers */ = {
			isa = PBXGroup;
			children = (
				060FD6D51E9F37D7000546A0 /* APIRequestHandler.h */,
				060FD6D61E9F37D7000546A0 /* APIRequestHandler.m */,
				060FD6D71E9F37D7000546A0 /* DatabaseHandler.h */,
				060FD6D81E9F37D7000546A0 /* DatabaseHandler.m */,
				060FD6D91E9F37D7000546A0 /* DateTimeHandler.h */,
				060FD6DA1E9F37D7000546A0 /* DateTimeHandler.m */,
				060FD6DB1E9F37D7000546A0 /* DictionaryHandler.h */,
				060FD6DC1E9F37D7000546A0 /* DictionaryHandler.m */,
				060FD6DD1E9F37D7000546A0 /* FileHandler.h */,
				060FD6DE1E9F37D7000546A0 /* FileHandler.m */,
				060FD6DF1E9F37D7000546A0 /* FormatterHandler.h */,
				060FD6E01E9F37D7000546A0 /* FormatterHandler.m */,
				060FD6E11E9F37D7000546A0 /* StringHandler.h */,
				060FD6E21E9F37D7000546A0 /* StringHandler.m */,
				060FD6E31E9F37D7000546A0 /* TeamHandler.h */,
				060FD6E41E9F37D7000546A0 /* TeamHandler.m */,
			);
			path = Handlers;
			sourceTree = "<group>";
		};
		060FD6E51E9F37D7000546A0 /* Libraries */ = {
			isa = PBXGroup;
			children = (
				060FD6E61E9F37D7000546A0 /* CRToast */,
				060FD6E91E9F37D7000546A0 /* NSObject+PMDescription.h */,
				060FD6EA1E9F37D7000546A0 /* NSObject+PMDescription.m */,
			);
			path = Libraries;
			sourceTree = "<group>";
		};
		060FD6E61E9F37D7000546A0 /* CRToast */ = {
			isa = PBXGroup;
			children = (
				060FD6E71E9F37D7000546A0 /* CRToast.h */,
				060FD6E81E9F37D7000546A0 /* CRToast.m */,
			);
			path = CRToast;
			sourceTree = "<group>";
		};
		060FD6EB1E9F37D7000546A0 /* Model */ = {
			isa = PBXGroup;
			children = (
				060FD6EC1E9F37D7000546A0 /* BracketModel.h */,
				060FD6ED1E9F37D7000546A0 /* BracketModel.m */,
				060FD6EE1E9F37D7000546A0 /* GameModel.h */,
				060FD6EF1E9F37D7000546A0 /* GameModel.m */,
				060FD6F01E9F37D7000546A0 /* RecentGamesModel.h */,
				060FD6F11E9F37D7000546A0 /* RecentGamesModel.m */,
				060FD6F21E9F37D7000546A0 /* Rectangle.h */,
				060FD6F31E9F37D7000546A0 /* Rectangle.m */,
				060FD6F41E9F37D7000546A0 /* SeriesModel.h */,
				060FD6F51E9F37D7000546A0 /* SeriesModel.m */,
			);
			path = Model;
			sourceTree = "<group>";
		};
		060FD6F61E9F37D7000546A0 /* View */ = {
			isa = PBXGroup;
			children = (
				060FD6F71E9F37D7000546A0 /* AdjustableNavigationBar.h */,
				060FD6F81E9F37D7000546A0 /* AdjustableNavigationBar.m */,
				060FD6F91E9F37D7000546A0 /* BracketSection.h */,
				060FD6FA1E9F37D7000546A0 /* BracketSection.m */,
				060FD6FB1E9F37D7000546A0 /* BracketView.h */,
				060FD6FC1E9F37D7000546A0 /* BracketView.m */,
				060FD6FD1E9F37D7000546A0 /* ExpandedVideoView.h */,
				060FD6FE1E9F37D7000546A0 /* ExpandedVideoView.m */,
				060FD6FF1E9F37D7000546A0 /* GameCell.h */,
				060FD7001E9F37D7000546A0 /* GameCell.m */,
				060FD7011E9F37D7000546A0 /* GameDetailCell.h */,
				060FD7021E9F37D7000546A0 /* GameDetailCell.m */,
				060FD7031E9F37D7000546A0 /* GameDetailHeader.h */,
				060FD7041E9F37D7000546A0 /* GameDetailHeader.m */,
				060FD7051E9F37D7000546A0 /* GameHeader.h */,
				060FD7061E9F37D7000546A0 /* GameHeader.m */,
				060FD7071E9F37D7000546A0 /* GameOverviewView.h */,
				060FD7081E9F37D7000546A0 /* GameOverviewView.m */,
				060FD7091E9F37D7000546A0 /* GameView.h */,
				060FD70A1E9F37D7000546A0 /* GameView.m */,
				060FD70B1E9F37D7000546A0 /* NoContentTableView.h */,
				060FD70C1E9F37D7000546A0 /* NoContentTableView.m */,
				060FD70D1E9F37D7000546A0 /* NoDataTableViewCell.h */,
				060FD70E1E9F37D7000546A0 /* NoDataTableViewCell.m */,
				060FD7111E9F37D7000546A0 /* PeriodScoreViewHeader.h */,
				060FD7121E9F37D7000546A0 /* PeriodScoreViewHeader.m */,
				060FD70F1E9F37D7000546A0 /* PeriodScoresView.h */,
				060FD7101E9F37D7000546A0 /* PeriodScoresView.m */,
				060FD7131E9F37D7000546A0 /* RecentGamesView.h */,
				060FD7141E9F37D7000546A0 /* RecentGamesView.m */,
				060FD7151E9F37D7000546A0 /* RefreshTableViewCell.h */,
				060FD7161E9F37D7000546A0 /* RefreshTableViewCell.m */,
				060FD7171E9F37D7000546A0 /* SeriesCell.h */,
				060FD7181E9F37D7000546A0 /* SeriesCell.m */,
				060FD7191E9F37D7000546A0 /* SeriesHeader.h */,
				060FD71A1E9F37D7000546A0 /* SeriesHeader.m */,
				060FD71B1E9F37D7000546A0 /* SeriesHeaderScoresView.h */,
				060FD71C1E9F37D7000546A0 /* SeriesHeaderScoresView.m */,
				060FD71D1E9F37D7000546A0 /* SeriesView.h */,
				060FD71E1E9F37D7000546A0 /* SeriesView.m */,
				060FD71F1E9F37D7000546A0 /* StrengthIndicator.h */,
				060FD7201E9F37D7000546A0 /* StrengthIndicator.m */,
				060FD7211E9F37D7000546A0 /* TeamImage.h */,
				060FD7221E9F37D7000546A0 /* TeamImage.m */,
				060FD7231E9F37D7000546A0 /* VideoButton.h */,
				060FD7241E9F37D7000546A0 /* VideoButton.m */,
			);
			path = View;
			sourceTree = "<group>";
		};
		060FD7251E9F37D7000546A0 /* ViewController */ = {
			isa = PBXGroup;
			children = (
				060FD7261E9F37D7000546A0 /* BaseUINavigationController.h */,
				060FD7271E9F37D7000546A0 /* BaseUINavigationController.m */,
				060FD7281E9F37D7000546A0 /* BaseViewController.h */,
				060FD7291E9F37D7000546A0 /* BaseViewController.m */,
				060FD72A1E9F37D7000546A0 /* BracketViewController.h */,
				060FD72B1E9F37D7000546A0 /* BracketViewController.m */,
				060FD72C1E9F37D7000546A0 /* GameViewController.h */,
				060FD72D1E9F37D7000546A0 /* GameViewController.m */,
				060FD72E1E9F37D7000546A0 /* NewsViewController.h */,
				060FD72F1E9F37D7000546A0 /* NewsViewController.m */,
				060FD7301E9F37D7000546A0 /* RecentGamesViewController.h */,
				060FD7311E9F37D7000546A0 /* RecentGamesViewController.m */,
				060FD7321E9F37D7000546A0 /* SeriesViewController.h */,
				060FD7331E9F37D7000546A0 /* SeriesViewController.m */,
				060FD7341E9F37D7000546A0 /* SettingsViewController.h */,
				060FD7351E9F37D7000546A0 /* SettingsViewController.m */,
				060FD7361E9F37D7000546A0 /* StatisticsViewController.h */,
				060FD7371E9F37D7000546A0 /* StatisticsViewController.m */,
				060FD7381E9F37D7000546A0 /* TabBarController.h */,
				060FD7391E9F37D7000546A0 /* TabBarController.m */,
				060FD73A1E9F37D7000546A0 /* TeamsViewController.h */,
				060FD73B1E9F37D7000546A0 /* TeamsViewController.m */,
				060FD73C1E9F37D7000546A0 /* VideoPlayerViewController.h */,
				060FD73D1E9F37D7000546A0 /* VideoPlayerViewController.m */,
			);
			path = ViewController;
			sourceTree = "<group>";
		};
		0644B4FC1E9F35FB00132969 = {
			isa = PBXGroup;
			children = (
				357E36E2A040B1029E60909A /* Frameworks */,
				0644B5071E9F35FB00132969 /* HockeyPlayoffs */,
				0EE057D96DC81E705C175D5A /* Pods */,
				0644B5061E9F35FB00132969 /* Products */,
				0644B5321E9F368E00132969 /* UnitTests */,
			);
			sourceTree = "<group>";
		};
		0644B5061E9F35FB00132969 /* Products */ = {
			isa = PBXGroup;
			children = (
				0644B5051E9F35FB00132969 /* HockeyPlayoffs.app */,
				0644B5311E9F368E00132969 /* UnitTests.xctest */,
			);
			name = Products;
			sourceTree = "<group>";
		};
		0644B5071E9F35FB00132969 /* HockeyPlayoffs */ = {
			isa = PBXGroup;
			children = (
				060FD6BD1E9F37D7000546A0 /* Constants */,
				060FD6C91E9F37D7000546A0 /* DatabaseObjects */,
				060FD6D41E9F37D7000546A0 /* Handlers */,
				060FD6E51E9F37D7000546A0 /* Libraries */,
				060FD6EB1E9F37D7000546A0 /* Model */,
				060FD6BC1E9F379F000546A0 /* Resources */,
				0644B5081E9F35FB00132969 /* Supporting Files */,
				060FD6F61E9F37D7000546A0 /* View */,
				060FD7251E9F37D7000546A0 /* ViewController */,
				0644B50B1E9F35FB00132969 /* AppDelegate.h */,
				0644B50C1E9F35FB00132969 /* AppDelegate.m */,
			);
			path = HockeyPlayoffs;
			sourceTree = "<group>";
		};
		0644B5081E9F35FB00132969 /* Supporting Files */ = {
			isa = PBXGroup;
			children = (
				0644B5191E9F35FB00132969 /* Info.plist */,
				0644B5091E9F35FB00132969 /* main.m */,
			);
			path = "Supporting Files";
			sourceTree = "<group>";
		};
		0644B5321E9F368E00132969 /* UnitTests */ = {
			isa = PBXGroup;
			children = (
				0644B5351E9F368E00132969 /* Info.plist */,
				0644B5331E9F368E00132969 /* UnitTests.m */,
			);
			path = UnitTests;
			sourceTree = "<group>";
		};
		0EE057D96DC81E705C175D5A /* Pods */ = {
			isa = PBXGroup;
			children = (
				96B7A52D8250D82AB12BE881 /* Pods-HockeyPlayoffs.debug.xcconfig */,
				E020EB9FD4CF27FA584B9714 /* Pods-HockeyPlayoffs.release.xcconfig */,
				E6F04CDE65529A8D045D2B71 /* Pods-UnitTests.debug.xcconfig */,
				E2D6786549FCA5BBC66EDB18 /* Pods-UnitTests.release.xcconfig */,
			);
			name = Pods;
			sourceTree = "<group>";
		};
		357E36E2A040B1029E60909A /* Frameworks */ = {
			isa = PBXGroup;
			children = (
				6C2F939607748A9D42EDFE7F /* Pods_HockeyPlayoffs.framework */,
				3B65D23B827AA9C6C3CAB824 /* Pods_UnitTests.framework */,
			);
			name = Frameworks;
			sourceTree = "<group>";
		};
/* End PBXGroup section */

/* Begin PBXNativeTarget section */
		0644B5041E9F35FB00132969 /* HockeyPlayoffs */ = {
			isa = PBXNativeTarget;
			buildConfigurationList = 0644B51C1E9F35FB00132969 /* Build configuration list for PBXNativeTarget "HockeyPlayoffs" */;
			buildPhases = (
				59923C51C0F8D32C52597A21 /* [CP] Check Pods Manifest.lock */,
				0644B5011E9F35FB00132969 /* Sources */,
				0644B5021E9F35FB00132969 /* Frameworks */,
				0644B5031E9F35FB00132969 /* Resources */,
				F37E2856D20FC8FB1D457716 /* [CP] Embed Pods Frameworks */,
				734F15464EBC4CA128D11708 /* [CP] Copy Pods Resources */,
			);
			buildRules = (
			);
			dependencies = (
			);
			name = HockeyPlayoffs;
			productName = HockeyPlayoffs;
			productReference = 0644B5051E9F35FB00132969 /* HockeyPlayoffs.app */;
			productType = "com.apple.product-type.application";
		};
		0644B5301E9F368E00132969 /* UnitTests */ = {
			isa = PBXNativeTarget;
			buildConfigurationList = 0644B5381E9F368E00132969 /* Build configuration list for PBXNativeTarget "UnitTests" */;
			buildPhases = (
				6CD1C0EBD7508AF24FB40D94 /* [CP] Check Pods Manifest.lock */,
				0644B52D1E9F368E00132969 /* Sources */,
				0644B52E1E9F368E00132969 /* Frameworks */,
				0644B52F1E9F368E00132969 /* Resources */,
				C001F7BCA9C7B245F21726E4 /* [CP] Embed Pods Frameworks */,
				19460E2E956E375E44E5C0F4 /* [CP] Copy Pods Resources */,
			);
			buildRules = (
			);
			dependencies = (
				0644B5371E9F368E00132969 /* PBXTargetDependency */,
			);
			name = UnitTests;
			productName = UnitTests;
			productReference = 0644B5311E9F368E00132969 /* UnitTests.xctest */;
			productType = "com.apple.product-type.bundle.unit-test";
		};
/* End PBXNativeTarget section */

/* Begin PBXProject section */
		0644B4FD1E9F35FB00132969 /* Project object */ = {
			isa = PBXProject;
			attributes = {
				LastUpgradeCheck = 0830;
				ORGANIZATIONNAME = "Pierre-Marc Airoldi";
				TargetAttributes = {
					0644B5041E9F35FB00132969 = {
						CreatedOnToolsVersion = 8.3.1;
						DevelopmentTeam = W78ZZKUER7;
						ProvisioningStyle = Automatic;
					};
					0644B5301E9F368E00132969 = {
						CreatedOnToolsVersion = 8.3.1;
						DevelopmentTeam = W78ZZKUER7;
						ProvisioningStyle = Automatic;
						TestTargetID = 0644B5041E9F35FB00132969;
					};
				};
			};
			buildConfigurationList = 0644B5001E9F35FB00132969 /* Build configuration list for PBXProject "HockeyPlayoffs" */;
			compatibilityVersion = "Xcode 3.2";
			developmentRegion = English;
			hasScannedForEncodings = 0;
			knownRegions = (
				en,
				Base,
			);
			mainGroup = 0644B4FC1E9F35FB00132969;
			productRefGroup = 0644B5061E9F35FB00132969 /* Products */;
			projectDirPath = "";
			projectRoot = "";
			targets = (
				0644B5041E9F35FB00132969 /* HockeyPlayoffs */,
				0644B5301E9F368E00132969 /* UnitTests */,
			);
		};
/* End PBXProject section */

/* Begin PBXResourcesBuildPhase section */
		0644B5031E9F35FB00132969 /* Resources */ = {
			isa = PBXResourcesBuildPhase;
			buildActionMask = 2147483647;
			files = (
				0635F0561E9F3C5300784410 /* Images.xcassets in Resources */,
			);
			runOnlyForDeploymentPostprocessing = 0;
		};
		0644B52F1E9F368E00132969 /* Resources */ = {
			isa = PBXResourcesBuildPhase;
			buildActionMask = 2147483647;
			files = (
			);
			runOnlyForDeploymentPostprocessing = 0;
		};
/* End PBXResourcesBuildPhase section */

/* Begin PBXShellScriptBuildPhase section */
		19460E2E956E375E44E5C0F4 /* [CP] Copy Pods Resources */ = {
			isa = PBXShellScriptBuildPhase;
			buildActionMask = 2147483647;
			files = (
			);
			inputPaths = (
			);
			name = "[CP] Copy Pods Resources";
			outputPaths = (
			);
			runOnlyForDeploymentPostprocessing = 0;
			shellPath = /bin/sh;
			shellScript = "\"${SRCROOT}/Pods/Target Support Files/Pods-UnitTests/Pods-UnitTests-resources.sh\"\n";
			showEnvVarsInLog = 0;
		};
		59923C51C0F8D32C52597A21 /* [CP] Check Pods Manifest.lock */ = {
			isa = PBXShellScriptBuildPhase;
			buildActionMask = 2147483647;
			files = (
			);
			inputPaths = (
			);
			name = "[CP] Check Pods Manifest.lock";
			outputPaths = (
			);
			runOnlyForDeploymentPostprocessing = 0;
			shellPath = /bin/sh;
			shellScript = "diff \"${PODS_PODFILE_DIR_PATH}/Podfile.lock\" \"${PODS_ROOT}/Manifest.lock\" > /dev/null\nif [ $? != 0 ] ; then\n    # print error to STDERR\n    echo \"error: The sandbox is not in sync with the Podfile.lock. Run 'pod install' or update your CocoaPods installation.\" >&2\n    exit 1\nfi\n";
			showEnvVarsInLog = 0;
		};
		6CD1C0EBD7508AF24FB40D94 /* [CP] Check Pods Manifest.lock */ = {
			isa = PBXShellScriptBuildPhase;
			buildActionMask = 2147483647;
			files = (
			);
			inputPaths = (
			);
			name = "[CP] Check Pods Manifest.lock";
			outputPaths = (
			);
			runOnlyForDeploymentPostprocessing = 0;
			shellPath = /bin/sh;
			shellScript = "diff \"${PODS_PODFILE_DIR_PATH}/Podfile.lock\" \"${PODS_ROOT}/Manifest.lock\" > /dev/null\nif [ $? != 0 ] ; then\n    # print error to STDERR\n    echo \"error: The sandbox is not in sync with the Podfile.lock. Run 'pod install' or update your CocoaPods installation.\" >&2\n    exit 1\nfi\n";
			showEnvVarsInLog = 0;
		};
		734F15464EBC4CA128D11708 /* [CP] Copy Pods Resources */ = {
			isa = PBXShellScriptBuildPhase;
			buildActionMask = 2147483647;
			files = (
			);
			inputPaths = (
			);
			name = "[CP] Copy Pods Resources";
			outputPaths = (
			);
			runOnlyForDeploymentPostprocessing = 0;
			shellPath = /bin/sh;
			shellScript = "\"${SRCROOT}/Pods/Target Support Files/Pods-HockeyPlayoffs/Pods-HockeyPlayoffs-resources.sh\"\n";
			showEnvVarsInLog = 0;
		};
		C001F7BCA9C7B245F21726E4 /* [CP] Embed Pods Frameworks */ = {
			isa = PBXShellScriptBuildPhase;
			buildActionMask = 2147483647;
			files = (
			);
			inputPaths = (
			);
			name = "[CP] Embed Pods Frameworks";
			outputPaths = (
			);
			runOnlyForDeploymentPostprocessing = 0;
			shellPath = /bin/sh;
			shellScript = "\"${SRCROOT}/Pods/Target Support Files/Pods-UnitTests/Pods-UnitTests-frameworks.sh\"\n";
			showEnvVarsInLog = 0;
		};
		F37E2856D20FC8FB1D457716 /* [CP] Embed Pods Frameworks */ = {
			isa = PBXShellScriptBuildPhase;
			buildActionMask = 2147483647;
			files = (
			);
			inputPaths = (
			);
			name = "[CP] Embed Pods Frameworks";
			outputPaths = (
			);
			runOnlyForDeploymentPostprocessing = 0;
			shellPath = /bin/sh;
			shellScript = "\"${SRCROOT}/Pods/Target Support Files/Pods-HockeyPlayoffs/Pods-HockeyPlayoffs-frameworks.sh\"\n";
			showEnvVarsInLog = 0;
		};
/* End PBXShellScriptBuildPhase section */

/* Begin PBXSourcesBuildPhase section */
		0644B5011E9F35FB00132969 /* Sources */ = {
			isa = PBXSourcesBuildPhase;
			buildActionMask = 2147483647;
			files = (
				060FD7561E9F37D7000546A0 /* ExpandedVideoView.m in Sources */,
				060FD74A1E9F37D7000546A0 /* StringHandler.m in Sources */,
				060FD7511E9F37D7000546A0 /* Rectangle.m in Sources */,
				060FD7711E9F37D7000546A0 /* SettingsViewController.m in Sources */,
				060FD7401E9F37D7000546A0 /* GameObject.m in Sources */,
				0644B50D1E9F35FB00132969 /* AppDelegate.m in Sources */,
				060FD74D1E9F37D7000546A0 /* NSObject+PMDescription.m in Sources */,
				060FD7641E9F37D7000546A0 /* SeriesHeader.m in Sources */,
				060FD7651E9F37D7000546A0 /* SeriesHeaderScoresView.m in Sources */,
				060FD7461E9F37D7000546A0 /* DateTimeHandler.m in Sources */,
				060FD7581E9F37D7000546A0 /* GameDetailCell.m in Sources */,
				060FD76D1E9F37D7000546A0 /* GameViewController.m in Sources */,
				060FD7741E9F37D7000546A0 /* TeamsViewController.m in Sources */,
				060FD75D1E9F37D7000546A0 /* NoContentTableView.m in Sources */,
				060FD76E1E9F37D7000546A0 /* NewsViewController.m in Sources */,
				060FD7611E9F37D7000546A0 /* RecentGamesView.m in Sources */,
				060FD7541E9F37D7000546A0 /* BracketSection.m in Sources */,
				060FD7491E9F37D7000546A0 /* FormatterHandler.m in Sources */,
				060FD7421E9F37D7000546A0 /* SeriesObject.m in Sources */,
				060FD7521E9F37D7000546A0 /* SeriesModel.m in Sources */,
				060FD73F1E9F37D7000546A0 /* EventObject.m in Sources */,
				060FD75E1E9F37D7000546A0 /* NoDataTableViewCell.m in Sources */,
				060FD7731E9F37D7000546A0 /* TabBarController.m in Sources */,
				060FD7751E9F37D7000546A0 /* VideoPlayerViewController.m in Sources */,
				060FD7591E9F37D7000546A0 /* GameDetailHeader.m in Sources */,
				060FD7621E9F37D7000546A0 /* RefreshTableViewCell.m in Sources */,
				060FD7411E9F37D7000546A0 /* PeriodObject.m in Sources */,
				060FD7451E9F37D7000546A0 /* DatabaseHandler.m in Sources */,
				060FD7481E9F37D7000546A0 /* FileHandler.m in Sources */,
				060FD7691E9F37D7000546A0 /* VideoButton.m in Sources */,
				060FD75A1E9F37D7000546A0 /* GameHeader.m in Sources */,
				060FD76B1E9F37D7000546A0 /* BaseViewController.m in Sources */,
				060FD75C1E9F37D7000546A0 /* GameView.m in Sources */,
				060FD7721E9F37D7000546A0 /* StatisticsViewController.m in Sources */,
				060FD7571E9F37D7000546A0 /* GameCell.m in Sources */,
				060FD7431E9F37D7000546A0 /* TeamObject.m in Sources */,
				060FD74E1E9F37D7000546A0 /* BracketModel.m in Sources */,
				060FD7441E9F37D7000546A0 /* APIRequestHandler.m in Sources */,
				060FD76C1E9F37D7000546A0 /* BracketViewController.m in Sources */,
				060FD7531E9F37D7000546A0 /* AdjustableNavigationBar.m in Sources */,
				060FD76F1E9F37D7000546A0 /* RecentGamesViewController.m in Sources */,
				060FD7671E9F37D7000546A0 /* StrengthIndicator.m in Sources */,
				060FD7701E9F37D7000546A0 /* SeriesViewController.m in Sources */,
				060FD75F1E9F37D7000546A0 /* PeriodScoresView.m in Sources */,
				060FD73E1E9F37D7000546A0 /* Colors.m in Sources */,
				060FD74B1E9F37D7000546A0 /* TeamHandler.m in Sources */,
				060FD7601E9F37D7000546A0 /* PeriodScoreViewHeader.m in Sources */,
				060FD75B1E9F37D7000546A0 /* GameOverviewView.m in Sources */,
				060FD74C1E9F37D7000546A0 /* CRToast.m in Sources */,
				060FD7631E9F37D7000546A0 /* SeriesCell.m in Sources */,
				060FD7501E9F37D7000546A0 /* RecentGamesModel.m in Sources */,
				060FD74F1E9F37D7000546A0 /* GameModel.m in Sources */,
				060FD7681E9F37D7000546A0 /* TeamImage.m in Sources */,
				060FD7471E9F37D7000546A0 /* DictionaryHandler.m in Sources */,
				0644B50A1E9F35FB00132969 /* main.m in Sources */,
				060FD7551E9F37D7000546A0 /* BracketView.m in Sources */,
				060FD76A1E9F37D7000546A0 /* BaseUINavigationController.m in Sources */,
				060FD7661E9F37D7000546A0 /* SeriesView.m in Sources */,
			);
			runOnlyForDeploymentPostprocessing = 0;
		};
		0644B52D1E9F368E00132969 /* Sources */ = {
			isa = PBXSourcesBuildPhase;
			buildActionMask = 2147483647;
			files = (
				0644B5341E9F368E00132969 /* UnitTests.m in Sources */,
			);
			runOnlyForDeploymentPostprocessing = 0;
		};
/* End PBXSourcesBuildPhase section */

/* Begin PBXTargetDependency section */
		0644B5371E9F368E00132969 /* PBXTargetDependency */ = {
			isa = PBXTargetDependency;
			target = 0644B5041E9F35FB00132969 /* HockeyPlayoffs */;
			targetProxy = 0644B5361E9F368E00132969 /* PBXContainerItemProxy */;
		};
/* End PBXTargetDependency section */

/* Begin PBXVariantGroup section */
		0644B5161E9F35FB00132969 /* LaunchScreen.storyboard */ = {
			isa = PBXVariantGroup;
			children = (
				0644B5171E9F35FB00132969 /* Base */,
			);
			name = LaunchScreen.storyboard;
			path = .;
			sourceTree = "<group>";
		};
/* End PBXVariantGroup section */

/* Begin XCBuildConfiguration section */
		0644B51A1E9F35FB00132969 /* Debug */ = {
			isa = XCBuildConfiguration;
			buildSettings = {
				ALWAYS_SEARCH_USER_PATHS = NO;
				CLANG_ANALYZER_NONNULL = YES;
				CLANG_ANALYZER_NUMBER_OBJECT_CONVERSION = YES_AGGRESSIVE;
				CLANG_CXX_LANGUAGE_STANDARD = "gnu++0x";
				CLANG_CXX_LIBRARY = "libc++";
				CLANG_ENABLE_MODULES = YES;
				CLANG_ENABLE_OBJC_ARC = YES;
				CLANG_WARN_BOOL_CONVERSION = YES;
				CLANG_WARN_CONSTANT_CONVERSION = YES;
				CLANG_WARN_DIRECT_OBJC_ISA_USAGE = YES_ERROR;
				CLANG_WARN_DOCUMENTATION_COMMENTS = YES;
				CLANG_WARN_EMPTY_BODY = YES;
				CLANG_WARN_ENUM_CONVERSION = YES;
				CLANG_WARN_INFINITE_RECURSION = YES;
				CLANG_WARN_INT_CONVERSION = YES;
				CLANG_WARN_OBJC_ROOT_CLASS = YES_ERROR;
				CLANG_WARN_SUSPICIOUS_MOVE = YES;
				CLANG_WARN_UNREACHABLE_CODE = YES;
				CLANG_WARN__DUPLICATE_METHOD_MATCH = YES;
				"CODE_SIGN_IDENTITY[sdk=iphoneos*]" = "iPhone Developer";
				COPY_PHASE_STRIP = NO;
				DEBUG_INFORMATION_FORMAT = dwarf;
				ENABLE_STRICT_OBJC_MSGSEND = YES;
				ENABLE_TESTABILITY = YES;
				GCC_C_LANGUAGE_STANDARD = gnu99;
				GCC_DYNAMIC_NO_PIC = NO;
				GCC_NO_COMMON_BLOCKS = YES;
				GCC_OPTIMIZATION_LEVEL = 0;
				GCC_PREPROCESSOR_DEFINITIONS = (
					"DEBUG=1",
					"$(inherited)",
				);
				GCC_WARN_64_TO_32_BIT_CONVERSION = YES;
				GCC_WARN_ABOUT_RETURN_TYPE = YES_ERROR;
				GCC_WARN_UNDECLARED_SELECTOR = YES;
				GCC_WARN_UNINITIALIZED_AUTOS = YES_AGGRESSIVE;
				GCC_WARN_UNUSED_FUNCTION = YES;
				GCC_WARN_UNUSED_VARIABLE = YES;
				IPHONEOS_DEPLOYMENT_TARGET = 9.0;
				MTL_ENABLE_DEBUG_INFO = YES;
				ONLY_ACTIVE_ARCH = YES;
				SDKROOT = iphoneos;
			};
			name = Debug;
		};
		0644B51B1E9F35FB00132969 /* Release */ = {
			isa = XCBuildConfiguration;
			buildSettings = {
				ALWAYS_SEARCH_USER_PATHS = NO;
				CLANG_ANALYZER_NONNULL = YES;
				CLANG_ANALYZER_NUMBER_OBJECT_CONVERSION = YES_AGGRESSIVE;
				CLANG_CXX_LANGUAGE_STANDARD = "gnu++0x";
				CLANG_CXX_LIBRARY = "libc++";
				CLANG_ENABLE_MODULES = YES;
				CLANG_ENABLE_OBJC_ARC = YES;
				CLANG_WARN_BOOL_CONVERSION = YES;
				CLANG_WARN_CONSTANT_CONVERSION = YES;
				CLANG_WARN_DIRECT_OBJC_ISA_USAGE = YES_ERROR;
				CLANG_WARN_DOCUMENTATION_COMMENTS = YES;
				CLANG_WARN_EMPTY_BODY = YES;
				CLANG_WARN_ENUM_CONVERSION = YES;
				CLANG_WARN_INFINITE_RECURSION = YES;
				CLANG_WARN_INT_CONVERSION = YES;
				CLANG_WARN_OBJC_ROOT_CLASS = YES_ERROR;
				CLANG_WARN_SUSPICIOUS_MOVE = YES;
				CLANG_WARN_UNREACHABLE_CODE = YES;
				CLANG_WARN__DUPLICATE_METHOD_MATCH = YES;
				"CODE_SIGN_IDENTITY[sdk=iphoneos*]" = "iPhone Developer";
				COPY_PHASE_STRIP = NO;
				DEBUG_INFORMATION_FORMAT = "dwarf-with-dsym";
				ENABLE_NS_ASSERTIONS = NO;
				ENABLE_STRICT_OBJC_MSGSEND = YES;
				GCC_C_LANGUAGE_STANDARD = gnu99;
				GCC_NO_COMMON_BLOCKS = YES;
				GCC_WARN_64_TO_32_BIT_CONVERSION = YES;
				GCC_WARN_ABOUT_RETURN_TYPE = YES_ERROR;
				GCC_WARN_UNDECLARED_SELECTOR = YES;
				GCC_WARN_UNINITIALIZED_AUTOS = YES_AGGRESSIVE;
				GCC_WARN_UNUSED_FUNCTION = YES;
				GCC_WARN_UNUSED_VARIABLE = YES;
				IPHONEOS_DEPLOYMENT_TARGET = 9.0;
				MTL_ENABLE_DEBUG_INFO = NO;
				SDKROOT = iphoneos;
				VALIDATE_PRODUCT = YES;
			};
			name = Release;
		};
		0644B51D1E9F35FB00132969 /* Debug */ = {
			isa = XCBuildConfiguration;
			baseConfigurationReference = 96B7A52D8250D82AB12BE881 /* Pods-HockeyPlayoffs.debug.xcconfig */;
			buildSettings = {
				ASSETCATALOG_COMPILER_APPICON_NAME = AppIcon;
				ASSETCATALOG_COMPILER_LAUNCHIMAGE_NAME = LaunchImage;
				DEVELOPMENT_TEAM = W78ZZKUER7;
				INFOPLIST_FILE = "HockeyPlayoffs/Supporting Files/Info.plist";
				LD_RUNPATH_SEARCH_PATHS = "$(inherited) @executable_path/Frameworks";
				PRODUCT_BUNDLE_IDENTIFIER = "com.peteappdesigns.hockey-playoffs-14";
				PRODUCT_NAME = "$(TARGET_NAME)";
			};
			name = Debug;
		};
		0644B51E1E9F35FB00132969 /* Release */ = {
			isa = XCBuildConfiguration;
			baseConfigurationReference = E020EB9FD4CF27FA584B9714 /* Pods-HockeyPlayoffs.release.xcconfig */;
			buildSettings = {
				ASSETCATALOG_COMPILER_APPICON_NAME = AppIcon;
				ASSETCATALOG_COMPILER_LAUNCHIMAGE_NAME = LaunchImage;
				DEVELOPMENT_TEAM = W78ZZKUER7;
				INFOPLIST_FILE = "HockeyPlayoffs/Supporting Files/Info.plist";
				LD_RUNPATH_SEARCH_PATHS = "$(inherited) @executable_path/Frameworks";
				PRODUCT_BUNDLE_IDENTIFIER = "com.peteappdesigns.hockey-playoffs-14";
				PRODUCT_NAME = "$(TARGET_NAME)";
			};
			name = Release;
		};
		0644B5391E9F368E00132969 /* Debug */ = {
			isa = XCBuildConfiguration;
			baseConfigurationReference = E6F04CDE65529A8D045D2B71 /* Pods-UnitTests.debug.xcconfig */;
			buildSettings = {
				BUNDLE_LOADER = "$(TEST_HOST)";
				DEVELOPMENT_TEAM = W78ZZKUER7;
				INFOPLIST_FILE = UnitTests/Info.plist;
				LD_RUNPATH_SEARCH_PATHS = "$(inherited) @executable_path/Frameworks @loader_path/Frameworks";
				PRODUCT_BUNDLE_IDENTIFIER = com.peteappdesigns.UnitTests;
				PRODUCT_NAME = "$(TARGET_NAME)";
				TEST_HOST = "$(BUILT_PRODUCTS_DIR)/HockeyPlayoffs.app/HockeyPlayoffs";
			};
			name = Debug;
		};
		0644B53A1E9F368E00132969 /* Release */ = {
			isa = XCBuildConfiguration;
			baseConfigurationReference = E2D6786549FCA5BBC66EDB18 /* Pods-UnitTests.release.xcconfig */;
			buildSettings = {
				BUNDLE_LOADER = "$(TEST_HOST)";
				DEVELOPMENT_TEAM = W78ZZKUER7;
				INFOPLIST_FILE = UnitTests/Info.plist;
				LD_RUNPATH_SEARCH_PATHS = "$(inherited) @executable_path/Frameworks @loader_path/Frameworks";
				PRODUCT_BUNDLE_IDENTIFIER = com.peteappdesigns.UnitTests;
				PRODUCT_NAME = "$(TARGET_NAME)";
				TEST_HOST = "$(BUILT_PRODUCTS_DIR)/HockeyPlayoffs.app/HockeyPlayoffs";
			};
			name = Release;
		};
/* End XCBuildConfiguration section */

/* Begin XCConfigurationList section */
		0644B5001E9F35FB00132969 /* Build configuration list for PBXProject "HockeyPlayoffs" */ = {
			isa = XCConfigurationList;
			buildConfigurations = (
				0644B51A1E9F35FB00132969 /* Debug */,
				0644B51B1E9F35FB00132969 /* Release */,
			);
			defaultConfigurationIsVisible = 0;
			defaultConfigurationName = Release;
		};
		0644B51C1E9F35FB00132969 /* Build configuration list for PBXNativeTarget "HockeyPlayoffs" */ = {
			isa = XCConfigurationList;
			buildConfigurations = (
				0644B51D1E9F35FB00132969 /* Debug */,
				0644B51E1E9F35FB00132969 /* Release */,
			);
			defaultConfigurationIsVisible = 0;
			defaultConfigurationName = Release;
		};
		0644B5381E9F368E00132969 /* Build configuration list for PBXNativeTarget "UnitTests" */ = {
			isa = XCConfigurationList;
			buildConfigurations = (
				0644B5391E9F368E00132969 /* Debug */,
				0644B53A1E9F368E00132969 /* Release */,
			);
			defaultConfigurationIsVisible = 0;
			defaultConfigurationName = Release;
		};
/* End XCConfigurationList section */
	};
	rootObject = 0644B4FD1E9F35FB00132969 /* Project object */;
}
